
Microsoft Visual Studio Solution File, Format Version 12.00
# Visual Studio Version 16
VisualStudioVersion = 16.0.31515.178
MinimumVisualStudioVersion = 10.0.40219.1
Project("{FAE04EC0-301F-11D3-BF4B-00C04F79EFBC}") = "AlinSpace.Builder", "AlinSpace.Builder.csproj", "{76413796-7F47-4174-8BEC-F73FF20EECD2}"
EndProject
Global
	GlobalSection(SolutionConfigurationPlatforms) = preSolution
		Debug|Any CPU = Debug|Any CPU
		Release|Any CPU = Release|Any CPU
	EndGlobalSection
	GlobalSection(ProjectConfigurationPlatforms) = postSolution
		{76413796-7F47-4174-8BEC-F73FF20EECD2}.Debug|Any CPU.ActiveCfg = Debug|Any CPU
		{76413796-7F47-4174-8BEC-F73FF20EECD2}.Debug|Any CPU.Build.0 = Debug|Any CPU
		{76413796-7F47-4174-8BEC-F73FF20EECD2}.Release|Any CPU.ActiveCfg = Release|Any CPU
		{76413796-7F47-4174-8BEC-F73FF20EECD2}.Release|Any CPU.Build.0 = Release|Any CPU
	EndGlobalSection
	GlobalSection(SolutionProperties) = preSolution
		HideSolutionNode = FALSE
	EndGlobalSection
	GlobalSection(ExtensibilityGlobals) = postSolution
		SolutionGuid = {CB99A381-C56C-4822-93F4-CBA24859F4A3}
	EndGlobalSection
EndGlobal
